# THIS IS AN AUTOGENERATED FILE. DO NOT EDIT THIS FILE DIRECTLY.
assets/ajax-loader.gif:
  development: 2018-07-13T05:15:34-04:00   deca8b0ecd6974227d157b6d7068995d
assets/currency-flags-small.png:
  development: 2018-07-18T05:24:41-04:00   b3426b0214692d64910c1f2a329b6e0d
assets/currency-flags.png:
  development: 2018-07-18T05:24:38-04:00   59d3e93fa0a48bdc2eecb0d6bed1e7b9
assets/doubly.js:
  development: 2018-07-20T08:19:14-04:00   9c973c0470b861b634388fa04f7fb5c3
assets/flexslider.css:
  development: 2018-07-20T06:00:39-04:00   2c76d4c1ad901d0cc554eb9af86896c7
assets/gift-card.scss.liquid:
  development: 2018-07-13T05:15:34-04:00   65137f480ec2e1cf5f85af2fa6d9ce94
assets/ginit.js:
  development: 2018-07-18T05:24:34-04:00   e5d66bf2695e62d32acbe019920bc4a7
assets/hero_slide_1.jpg:
  development: 2018-07-13T05:15:34-04:00   60c9e4042c6be8f9aaaf0b7099faa402
assets/ico-select.svg.liquid:
  development: 2018-07-13T05:15:34-04:00   9c9cc5a57cc74a0a64c2f62b1370a920
assets/icons.eot:
  development: 2018-07-13T05:15:34-04:00   86c61d84b69a43aa616353786e1b98cc
assets/icons.json:
  development: 2018-07-13T05:15:34-04:00   7ba57df69fe6a945a54dc59bf3fd29dc
assets/icons.svg:
  development: 2018-07-13T05:15:34-04:00   40f827f0cf741bd08c35529c85af6f65
assets/icons.ttf:
  development: 2018-07-13T05:15:35-04:00   7a7175694c72e2ef365049218e08662c
assets/icons.woff:
  development: 2018-07-13T05:15:35-04:00   2ebda95a4a95bdb605d7737a9d2be5d5
assets/jquery-2.2.3.min.js:
  development: 2018-07-13T05:15:35-04:00   33cabfa15c1060aaa3d207c653afb1ee
assets/jquery.flexslider.js:
  development: 2018-07-20T06:05:55-04:00   8a2647eb9d0e9e50bcdb374d61786041
assets/lazysizes.min.js:
  development: 2018-07-13T05:15:35-04:00   830660aaaf0a60b712ad5c32482ee689
assets/match-media.min.js:
  development: 2018-07-13T05:15:35-04:00   9e431a1a6b7a8c12af2cef5c2a1ce14f
assets/modernizr.min.js:
  development: 2018-07-13T05:15:35-04:00   2e37516b46c9a9e2f46842c42e4b6e03
assets/password-page-background.jpg:
  development: 2018-07-13T05:15:35-04:00   4d5821272f875e5c11dd3a8c8e1d6133
assets/theme.js.liquid:
  development: 2018-07-17T00:51:53-04:00   a727199255c29829af765c7778176772
assets/theme.scss.liquid:
  development: 2018-07-20T08:07:12-04:00   ff9fa6e72cb82e1a014f738e8f54ab4c
assets/timber.scss.liquid:
  development: 2018-07-13T05:15:36-04:00   ce3716f39c29a51272c0f4ca87765edf
config/settings_schema.json:
  development: 2018-07-13T05:15:38-04:00   bfbca3f4fe92822a0f70f2df6274fed4
layout/password.liquid:
  development: 2018-07-13T05:15:36-04:00   07c07bef7acef117cf375f5198124fb9
layout/theme.liquid:
  development: 2018-07-16T03:11:21-04:00   72413c3ee7506b255c61aeaca777429d
locales/de.json:
  development: 2018-07-13T05:15:36-04:00   0296ef4c5379fa560e597c745f35586e
locales/en.default.json:
  development: 2018-07-13T05:15:36-04:00   7e6bf7339c2c9d05a512e734bceb09ff
locales/es.json:
  development: 2018-07-13T05:15:36-04:00   6e9f1af9ccf4fd572afa078b3295548c
locales/fr.json:
  development: 2018-07-13T05:15:36-04:00   780735b72de87725fc6370ef91ff1c41
locales/it.json:
  development: 2018-07-13T05:15:36-04:00   4d3e83208339860bbd13fc8beb4d8eda
locales/ja.json:
  development: 2018-07-13T05:15:36-04:00   8874b3ee14aae277c08be8e894a26c46
locales/pt-BR.json:
  development: 2018-07-13T05:15:36-04:00   28e1b064d1ea63f49ee8305895bf5de1
locales/pt-PT.json:
  development: 2018-07-13T05:15:36-04:00   1c5b22f7f187da4a89d02c1c06d53331
sections/advanced-content.liquid:
  development: 2018-07-13T05:15:32-04:00   e5ffd309358611405a7ed5bdf74752e9
sections/article-template.liquid:
  development: 2018-07-13T05:15:32-04:00   200d22fe2fc0174eb5479ceb9cd24d4d
sections/collection-image-template.liquid:
  development: 2018-07-13T05:15:33-04:00   39ed7ba51a824df68920fc798e63e924
sections/collection-template.liquid:
  development: 2018-07-13T05:15:33-04:00   f88ebcf3633a2b9265a1822f95c5b508
sections/drawer-menu.liquid:
  development: 2018-07-13T05:15:33-04:00   59f5d82b93e12e23b9cca6a502856fe1
sections/featured-blog.liquid:
  development: 2018-07-13T05:15:33-04:00   ef27df41bb70637f97a6b870b87cc4be
sections/featured-collections.liquid:
  development: 2018-07-13T05:15:33-04:00   6e90d516c5706ca3146e4b967ded5e4b
sections/featured-content.liquid:
  development: 2018-07-13T05:15:33-04:00   9432bb5b32748006085fbe2b60b323eb
sections/featured-product.liquid:
  development: 2018-07-13T05:15:33-04:00   376e06b5e6aa3ff31c139799165f7a22
sections/featured-products.liquid:
  development: 2018-07-16T07:58:31-04:00   b3b0717b7be645729a3447b3f053817f
sections/featured-row.liquid:
  development: 2018-07-13T05:15:33-04:00   5ff0db5cefa9c9b8b2279b79d07c45eb
sections/featured-video.liquid:
  development: 2018-07-13T05:15:33-04:00   e4990187cdc5773654802fd6b02507de
sections/footer.liquid:
  development: 2018-07-17T03:19:42-04:00   c98c122f38f663806b143d972acb2e13
sections/header.liquid:
  development: 2018-07-20T05:17:25-04:00   36f6afb8fef69e972fb28c8f63b65632
sections/list-collections-template.liquid:
  development: 2018-07-13T05:15:33-04:00   a8c9eed06c60505e9f58fe6ee12b6a37
sections/map.liquid:
  development: 2018-07-13T05:15:33-04:00   4b502d057348dfebebc26ea8495309b2
sections/newsletter.liquid:
  development: 2018-07-13T05:15:33-04:00   ee84b880ef59cb268c04b7ab3a52d9d0
sections/password-content.liquid:
  development: 2018-07-13T05:15:33-04:00   ddd1aa249683a2cd7224081ecaa0f1d8
sections/password-header.liquid:
  development: 2018-07-13T05:15:33-04:00   da8825acc70bcdb3fde0f15894f44391
sections/product-template.liquid:
  development: 2018-07-20T08:07:27-04:00   760dfd701c1efcac0ed12fe2d2002429
sections/slideshow.liquid:
  development: 2018-07-17T02:05:25-04:00   e6d5edc283fdf7b816e06862038c409e
snippets/ajax-cart-template.liquid:
  development: 2018-07-13T05:15:36-04:00   a12ad20ccc9ef7b2516fe7941c51dba8
snippets/bgset.liquid:
  development: 2018-07-13T05:15:36-04:00   33148dfd129ac7339b20fa9792a6bf85
snippets/collection-grid-collage.liquid:
  development: 2018-07-13T05:15:36-04:00   bba8796945ca96e0d0518d046f15d4ce
snippets/collection-grid-item.liquid:
  development: 2018-07-16T00:04:52-04:00   ee5beb448997d2a0c6aea228afd4ca9e
snippets/collection-sorting.liquid:
  development: 2018-07-13T05:15:36-04:00   5c3d97455cfdba8baaa37909797f8dd0
snippets/collection-template.liquid:
  development: 2018-07-17T01:25:22-04:00   3e538bd3b1914b73306f75b97f2f36f3
snippets/comment.liquid:
  development: 2018-07-13T05:15:36-04:00   490bf7370ece4d0217f9c229aefd5880
snippets/featured-blog.liquid:
  development: 2018-07-13T05:15:36-04:00   c2a422cd675d65d677cfde692d720c7f
snippets/image-style.liquid:
  development: 2018-07-13T05:15:36-04:00   8c50291b1de61b727b4dd13143797229
snippets/oldIE-js.liquid:
  development: 2018-07-13T05:15:37-04:00   599bad7b6606187544be5673ae37e8f9
snippets/onboarding-featured-blog.liquid:
  development: 2018-07-13T05:15:37-04:00   c5c4bb79ca0b788a1c12cea691ee8fe8
snippets/onboarding-featured-collections.liquid:
  development: 2018-07-16T00:05:52-04:00   2feedbf8631dfc0d5fb6e251d52582d4
snippets/onboarding-featured-products.liquid:
  development: 2018-07-13T05:15:37-04:00   4f249e3a12c79ae3aa47d3974fccd84c
snippets/pagination.liquid:
  development: 2018-07-13T05:15:37-04:00   70ed134ed90fed5e45b2ac2b938d8f35
snippets/product-grid-collage.liquid:
  development: 2018-07-13T05:15:37-04:00   4abdc9f608a23b5c0ab9d2581e08a060
snippets/product-grid-item.liquid:
  development: 2018-07-16T00:07:54-04:00   967ef748cf9d1dc180bca9987fa017cb
snippets/search-bar.liquid:
  development: 2018-07-13T05:15:37-04:00   09c97d1e453c835a8a5568a70d690883
snippets/social-meta-tags.liquid:
  development: 2018-07-13T05:15:37-04:00   ae9e213401623b2601abf0ace8e21537
snippets/social-sharing.liquid:
  development: 2018-07-13T05:15:37-04:00   6ce37d7f2814a10ed9b36ea3be691b65
snippets/svg-definitions.liquid:
  development: 2018-07-13T05:15:37-04:00   fe4fbc64d534e355fd8653de4ebac79a
snippets/tags-article.liquid:
  development: 2018-07-13T05:15:37-04:00   e7976dc4c68590a9f1ee7276f99559ac
templates/404.liquid:
  development: 2018-07-13T05:15:37-04:00   f1181b55ee89b4ad79ae81d244761cd2
templates/article.liquid:
  development: 2018-07-13T05:15:37-04:00   9763e9f309642903282720d29b422aaf
templates/blog.liquid:
  development: 2018-07-13T05:15:37-04:00   ae4212d24bf693e8cc69499cbc28355a
templates/cart.liquid:
  development: 2018-07-13T05:15:37-04:00   efcf7593a46e6f95cc2ccf55356e5784
templates/collection.image.liquid:
  development: 2018-07-13T05:15:37-04:00   cd9a9b1849d65ca4311d6f793008812f
templates/collection.liquid:
  development: 2018-07-16T03:07:16-04:00   b821ef1fb35c7eef0b07730cdfab894e
templates/customers/account.liquid:
  development: 2018-07-13T05:15:37-04:00   6169bc13701d2a2f4cbe9735b86ab10c
templates/customers/activate_account.liquid:
  development: 2018-07-13T05:15:37-04:00   a569b8be750f47edddc82ffc62b847ac
templates/customers/addresses.liquid:
  development: 2018-07-13T05:15:37-04:00   9c20221b1a50bee40908cbfb986bcac7
templates/customers/login.liquid:
  development: 2018-07-13T05:15:37-04:00   5fea701d036da687b6b1f1e28babb7bc
templates/customers/order.liquid:
  development: 2018-07-13T05:15:37-04:00   b836ee1cb4045e777025f75abf719574
templates/customers/register.liquid:
  development: 2018-07-13T05:15:37-04:00   3205d912f62cb0f866d974d5f2e22b37
templates/customers/reset_password.liquid:
  development: 2018-07-13T05:15:37-04:00   bd78871a9d2e373575659c6f9f68aa9b
templates/gift_card.liquid:
  development: 2018-07-13T05:15:37-04:00   718e7b8699cb5d63fcce86236e3f37bc
templates/index.liquid:
  development: 2018-07-13T05:15:37-04:00   171b9093fa043fdf84d2df6eed3d94ab
templates/list-collections.liquid:
  development: 2018-07-13T05:15:37-04:00   eabed71f62563b929b8da83a4aeacbfb
templates/page.contact.liquid:
  development: 2018-07-13T05:15:38-04:00   b31a760236911163d10b4a663a76c59d
templates/page.full-width.liquid:
  development: 2018-07-13T05:15:38-04:00   f21db2cc6691ac1165c7a07ff8bc11cb
templates/page.liquid:
  development: 2018-07-13T05:15:38-04:00   3c1c3fb627419cc73d4cd19b32898d5e
templates/password.liquid:
  development: 2018-07-13T05:15:38-04:00   27c20529a5fa11780bc067f4f5c7cc9d
templates/product.liquid:
  development: 2018-07-13T05:15:38-04:00   0333f9f54411b4b9b90936d11d7c167e
templates/search.liquid:
  development: 2018-07-13T05:15:38-04:00   740dec6c11f2f800957453a5783ca428
